
Microsoft Visual Studio Solution File, Format Version 12.00
# Visual Studio Version 16
VisualStudioVersion = 16.0.32228.547
MinimumVisualStudioVersion = 10.0.40219.1
Project("{FAE04EC0-301F-11D3-BF4B-00C04F79EFBC}") = "Collection ArrayList", "Collection ArrayList\Collection ArrayList.csproj", "{1618E197-E44E-4806-A435-061222AE4377}"
EndProject
Global
	GlobalSection(SolutionConfigurationPlatforms) = preSolution
		Debug|Any CPU = Debug|Any CPU
		Release|Any CPU = Release|Any CPU
	EndGlobalSection
	GlobalSection(ProjectConfigurationPlatforms) = postSolution
		{1618E197-E44E-4806-A435-061222AE4377}.Debug|Any CPU.ActiveCfg = Debug|Any CPU
		{1618E197-E44E-4806-A435-061222AE4377}.Debug|Any CPU.Build.0 = Debug|Any CPU
		{1618E197-E44E-4806-A435-061222AE4377}.Release|Any CPU.ActiveCfg = Release|Any CPU
		{1618E197-E44E-4806-A435-061222AE4377}.Release|Any CPU.Build.0 = Release|Any CPU
	EndGlobalSection
	GlobalSection(SolutionProperties) = preSolution
		HideSolutionNode = FALSE
	EndGlobalSection
	GlobalSection(ExtensibilityGlobals) = postSolution
		SolutionGuid = {CA0C70C4-F21D-4CF4-98FB-188B457C6C78}
	EndGlobalSection
EndGlobal
